
Microsoft Visual Studio Solution File, Format Version 12.00
# Visual Studio 15
Project("{FAE04EC0-301F-11D3-BF4B-00C04F79EFBC}") = "Assembly-CSharp", "Assembly-CSharp.csproj", "{1AF7E356-2D58-7119-FE6C-C1ED31A62E64}"
EndProject
Project("{FAE04EC0-301F-11D3-BF4B-00C04F79EFBC}") = "UnityEngine.TestRunner", "UnityEngine.TestRunner.csproj", "{8A3EE323-CCE8-A35E-9243-0D7295F0362A}"
EndProject
Project("{FAE04EC0-301F-11D3-BF4B-00C04F79EFBC}") = "Unity.Mathematics", "Unity.Mathematics.csproj", "{9413832A-E031-5F1A-43E8-2BAB9104C2D1}"
EndProject
Project("{FAE04EC0-301F-11D3-BF4B-00C04F79EFBC}") = "Unity.2D.Animation.Triangle.Runtime", "Unity.2D.Animation.Triangle.Runtime.csproj", "{1FB8A43A-BE4F-26DD-F4E0-E5D00E8B2487}"
EndProject
Project("{FAE04EC0-301F-11D3-BF4B-00C04F79EFBC}") = "AstarPathfindingProject", "AstarPathfindingProject.csproj", "{1FA1B4EA-C7C9-B1CF-B6E2-635A3824F41B}"
EndProject
Project("{FAE04EC0-301F-11D3-BF4B-00C04F79EFBC}") = "Unity.Timeline", "Unity.Timeline.csproj", "{05E0C7EC-1921-C41C-5CD6-DB9612FDD31B}"
EndProject
Project("{FAE04EC0-301F-11D3-BF4B-00C04F79EFBC}") = "UnityEngine.UI", "UnityEngine.UI.csproj", "{E99E4B5F-6BE5-AB67-59F4-357986BF16E6}"
EndProject
Project("{FAE04EC0-301F-11D3-BF4B-00C04F79EFBC}") = "Unity.TextMeshPro", "Unity.TextMeshPro.csproj", "{A060ED49-C60C-EDB1-8569-C582D3277E3C}"
EndProject
Project("{FAE04EC0-301F-11D3-BF4B-00C04F79EFBC}") = "Unity.2D.Animation.Runtime", "Unity.2D.Animation.Runtime.csproj", "{9F83F08D-FAA1-BF62-81E5-2F2A11F5E64F}"
EndProject
Project("{FAE04EC0-301F-11D3-BF4B-00C04F79EFBC}") = "Unity.2D.Tilemap.Extras", "Unity.2D.Tilemap.Extras.csproj", "{D14EBE62-4223-C8F2-71B0-3257CFBF9BE8}"
EndProject
Project("{FAE04EC0-301F-11D3-BF4B-00C04F79EFBC}") = "Unity.2D.IK.Runtime", "Unity.2D.IK.Runtime.csproj", "{A96F4DD0-2CC8-C6A8-65DD-155ADCD196A8}"
EndProject
Project("{FAE04EC0-301F-11D3-BF4B-00C04F79EFBC}") = "Unity.2D.SpriteShape.Runtime", "Unity.2D.SpriteShape.Runtime.csproj", "{1BD89D12-BB66-F760-333A-5CBF72A1EBC6}"
EndProject
Project("{FAE04EC0-301F-11D3-BF4B-00C04F79EFBC}") = "Unity.2D.PixelPerfect", "Unity.2D.PixelPerfect.csproj", "{FAB834A6-3397-77D9-3047-8657E1EF717E}"
EndProject
Project("{FAE04EC0-301F-11D3-BF4B-00C04F79EFBC}") = "Unity.2D.Common.Runtime", "Unity.2D.Common.Runtime.csproj", "{945C4613-D5BB-8E41-25D2-66F261A3C81C}"
EndProject
Project("{FAE04EC0-301F-11D3-BF4B-00C04F79EFBC}") = "Unity.InternalAPIEngineBridge.001", "Unity.InternalAPIEngineBridge.001.csproj", "{A551D976-4366-4C0E-3A57-2FA74BBB84D8}"
EndProject
Project("{FAE04EC0-301F-11D3-BF4B-00C04F79EFBC}") = "UnityEditor.TestRunner", "UnityEditor.TestRunner.csproj", "{AF7F8F5D-A23B-BE3B-25C3-C7C896407B4E}"
EndProject
Project("{FAE04EC0-301F-11D3-BF4B-00C04F79EFBC}") = "Unity.PlasticSCM.Editor", "Unity.PlasticSCM.Editor.csproj", "{4D36F0FF-ABC2-B8BA-C987-F4C07958B6F4}"
EndProject
Project("{FAE04EC0-301F-11D3-BF4B-00C04F79EFBC}") = "UnityEditor.UI", "UnityEditor.UI.csproj", "{80A8C958-1A4A-5B60-DCC2-5CF202AA3D4F}"
EndProject
Project("{FAE04EC0-301F-11D3-BF4B-00C04F79EFBC}") = "Unity.Services.Core.Editor", "Unity.Services.Core.Editor.csproj", "{1B1174F0-E810-AED3-BB6D-4E36A7F2AFBD}"
EndProject
Project("{FAE04EC0-301F-11D3-BF4B-00C04F79EFBC}") = "Unity.VisualStudio.Editor", "Unity.VisualStudio.Editor.csproj", "{5D59F45A-2106-BF02-B5EF-A63B3D6C6B96}"
EndProject
Project("{FAE04EC0-301F-11D3-BF4B-00C04F79EFBC}") = "Unity.Timeline.Editor", "Unity.Timeline.Editor.csproj", "{6C70FF9F-D7C7-05E3-6DCC-31FB373D684B}"
EndProject
Project("{FAE04EC0-301F-11D3-BF4B-00C04F79EFBC}") = "Unity.2D.Psdimporter.Editor", "Unity.2D.Psdimporter.Editor.csproj", "{563BCA2F-5A63-8CB4-8F6E-DCB23EB0C28D}"
EndProject
Project("{FAE04EC0-301F-11D3-BF4B-00C04F79EFBC}") = "Unity.2D.Animation.Editor", "Unity.2D.Animation.Editor.csproj", "{4E7BB1DD-073C-70B4-8480-19594A9CC292}"
EndProject
Project("{FAE04EC0-301F-11D3-BF4B-00C04F79EFBC}") = "Unity.TextMeshPro.Editor", "Unity.TextMeshPro.Editor.csproj", "{2F8E2AF9-AF00-93B5-974C-56BCC288CBD2}"
EndProject
Project("{FAE04EC0-301F-11D3-BF4B-00C04F79EFBC}") = "Unity.2D.SpriteShape.Editor", "Unity.2D.SpriteShape.Editor.csproj", "{0B0C9608-16FC-A845-6684-D93C66D94392}"
EndProject
Project("{FAE04EC0-301F-11D3-BF4B-00C04F79EFBC}") = "Unity.CollabProxy.Editor", "Unity.CollabProxy.Editor.csproj", "{B3F129B6-6F85-FFAD-8011-28DF12A78A20}"
EndProject
Project("{FAE04EC0-301F-11D3-BF4B-00C04F79EFBC}") = "PsdPlugin", "PsdPlugin.csproj", "{8C7C4D5F-A0FC-42A7-64E5-F5C78D980721}"
EndProject
Project("{FAE04EC0-301F-11D3-BF4B-00C04F79EFBC}") = "Unity.2D.Path.Editor", "Unity.2D.Path.Editor.csproj", "{915EAB82-6406-519F-453A-ABDC2B41007A}"
EndProject
Project("{FAE04EC0-301F-11D3-BF4B-00C04F79EFBC}") = "Unity.Rider.Editor", "Unity.Rider.Editor.csproj", "{51A01430-CB0B-F5D6-BA98-E3D6194A8AB4}"
EndProject
Project("{FAE04EC0-301F-11D3-BF4B-00C04F79EFBC}") = "PackageToolsEditor", "PackageToolsEditor.csproj", "{EA0942A7-4142-C1AC-668E-557D2CCC4F64}"
EndProject
Project("{FAE04EC0-301F-11D3-BF4B-00C04F79EFBC}") = "Unity.2D.IK.Editor", "Unity.2D.IK.Editor.csproj", "{E5EDE36B-D856-4812-D6A1-EAF8B3860AD4}"
EndProject
Project("{FAE04EC0-301F-11D3-BF4B-00C04F79EFBC}") = "Unity.2D.Sprite.Editor", "Unity.2D.Sprite.Editor.csproj", "{A1DEA44F-5C2A-952A-4D13-00B30B89B052}"
EndProject
Project("{FAE04EC0-301F-11D3-BF4B-00C04F79EFBC}") = "Unity.2D.Tilemap.Editor", "Unity.2D.Tilemap.Editor.csproj", "{139BE05F-AA43-2E7C-36AF-1C12EEB5EC80}"
EndProject
Project("{FAE04EC0-301F-11D3-BF4B-00C04F79EFBC}") = "Unity.2D.Tilemap.Extras.Editor", "Unity.2D.Tilemap.Extras.Editor.csproj", "{1AEBDE5E-153B-0522-8717-9582779CD39E}"
EndProject
Project("{FAE04EC0-301F-11D3-BF4B-00C04F79EFBC}") = "Unity.2D.PixelPerfect.Editor", "Unity.2D.PixelPerfect.Editor.csproj", "{6B950BC4-1AAD-1BA7-2AA3-9AB8058AACFD}"
EndProject
Project("{FAE04EC0-301F-11D3-BF4B-00C04F79EFBC}") = "Unity.VSCode.Editor", "Unity.VSCode.Editor.csproj", "{C60A1022-18C3-41B4-8444-1E34EE4F5991}"
EndProject
Project("{FAE04EC0-301F-11D3-BF4B-00C04F79EFBC}") = "AstarPathfindingProjectEditor", "AstarPathfindingProjectEditor.csproj", "{C0B91FCA-85E5-19F4-D496-52F73922CCF9}"
EndProject
Project("{FAE04EC0-301F-11D3-BF4B-00C04F79EFBC}") = "Unity.2D.Common.Editor", "Unity.2D.Common.Editor.csproj", "{851EE0B9-EB29-0DA5-35C3-D53CA10B3A18}"
EndProject
Project("{FAE04EC0-301F-11D3-BF4B-00C04F79EFBC}") = "Unity.Mathematics.Editor", "Unity.Mathematics.Editor.csproj", "{C3E4D64B-3D79-DD4A-E2F6-3A92090E14FB}"
EndProject
Project("{FAE04EC0-301F-11D3-BF4B-00C04F79EFBC}") = "Unity.InternalAPIEditorBridge.001", "Unity.InternalAPIEditorBridge.001.csproj", "{15598BFA-30DD-B7FD-7DB3-F35963A196C8}"
EndProject
Global
	GlobalSection(SolutionConfigurationPlatforms) = preSolution
		Debug|Any CPU = Debug|Any CPU
		Release|Any CPU = Release|Any CPU
	EndGlobalSection
	GlobalSection(ProjectConfigurationPlatforms) = postSolution
		{1AF7E356-2D58-7119-FE6C-C1ED31A62E64}.Debug|Any CPU.ActiveCfg = Debug|Any CPU
		{1AF7E356-2D58-7119-FE6C-C1ED31A62E64}.Debug|Any CPU.Build.0 = Debug|Any CPU
		{1AF7E356-2D58-7119-FE6C-C1ED31A62E64}.Release|Any CPU.ActiveCfg = Release|Any CPU
		{1AF7E356-2D58-7119-FE6C-C1ED31A62E64}.Release|Any CPU.Build.0 = Release|Any CPU
		{8A3EE323-CCE8-A35E-9243-0D7295F0362A}.Debug|Any CPU.ActiveCfg = Debug|Any CPU
		{8A3EE323-CCE8-A35E-9243-0D7295F0362A}.Debug|Any CPU.Build.0 = Debug|Any CPU
		{8A3EE323-CCE8-A35E-9243-0D7295F0362A}.Release|Any CPU.ActiveCfg = Release|Any CPU
		{8A3EE323-CCE8-A35E-9243-0D7295F0362A}.Release|Any CPU.Build.0 = Release|Any CPU
		{9413832A-E031-5F1A-43E8-2BAB9104C2D1}.Debug|Any CPU.ActiveCfg = Debug|Any CPU
		{9413832A-E031-5F1A-43E8-2BAB9104C2D1}.Debug|Any CPU.Build.0 = Debug|Any CPU
		{9413832A-E031-5F1A-43E8-2BAB9104C2D1}.Release|Any CPU.ActiveCfg = Release|Any CPU
		{9413832A-E031-5F1A-43E8-2BAB9104C2D1}.Release|Any CPU.Build.0 = Release|Any CPU
		{1FB8A43A-BE4F-26DD-F4E0-E5D00E8B2487}.Debug|Any CPU.ActiveCfg = Debug|Any CPU
		{1FB8A43A-BE4F-26DD-F4E0-E5D00E8B2487}.Debug|Any CPU.Build.0 = Debug|Any CPU
		{1FB8A43A-BE4F-26DD-F4E0-E5D00E8B2487}.Release|Any CPU.ActiveCfg = Release|Any CPU
		{1FB8A43A-BE4F-26DD-F4E0-E5D00E8B2487}.Release|Any CPU.Build.0 = Release|Any CPU
		{1FA1B4EA-C7C9-B1CF-B6E2-635A3824F41B}.Debug|Any CPU.ActiveCfg = Debug|Any CPU
		{1FA1B4EA-C7C9-B1CF-B6E2-635A3824F41B}.Debug|Any CPU.Build.0 = Debug|Any CPU
		{1FA1B4EA-C7C9-B1CF-B6E2-635A3824F41B}.Release|Any CPU.ActiveCfg = Release|Any CPU
		{1FA1B4EA-C7C9-B1CF-B6E2-635A3824F41B}.Release|Any CPU.Build.0 = Release|Any CPU
		{05E0C7EC-1921-C41C-5CD6-DB9612FDD31B}.Debug|Any CPU.ActiveCfg = Debug|Any CPU
		{05E0C7EC-1921-C41C-5CD6-DB9612FDD31B}.Debug|Any CPU.Build.0 = Debug|Any CPU
		{05E0C7EC-1921-C41C-5CD6-DB9612FDD31B}.Release|Any CPU.ActiveCfg = Release|Any CPU
		{05E0C7EC-1921-C41C-5CD6-DB9612FDD31B}.Release|Any CPU.Build.0 = Release|Any CPU
		{E99E4B5F-6BE5-AB67-59F4-357986BF16E6}.Debug|Any CPU.ActiveCfg = Debug|Any CPU
		{E99E4B5F-6BE5-AB67-59F4-357986BF16E6}.Debug|Any CPU.Build.0 = Debug|Any CPU
		{E99E4B5F-6BE5-AB67-59F4-357986BF16E6}.Release|Any CPU.ActiveCfg = Release|Any CPU
		{E99E4B5F-6BE5-AB67-59F4-357986BF16E6}.Release|Any CPU.Build.0 = Release|Any CPU
		{A060ED49-C60C-EDB1-8569-C582D3277E3C}.Debug|Any CPU.ActiveCfg = Debug|Any CPU
		{A060ED49-C60C-EDB1-8569-C582D3277E3C}.Debug|Any CPU.Build.0 = Debug|Any CPU
		{A060ED49-C60C-EDB1-8569-C582D3277E3C}.Release|Any CPU.ActiveCfg = Release|Any CPU
		{A060ED49-C60C-EDB1-8569-C582D3277E3C}.Release|Any CPU.Build.0 = Release|Any CPU
		{9F83F08D-FAA1-BF62-81E5-2F2A11F5E64F}.Debug|Any CPU.ActiveCfg = Debug|Any CPU
		{9F83F08D-FAA1-BF62-81E5-2F2A11F5E64F}.Debug|Any CPU.Build.0 = Debug|Any CPU
		{9F83F08D-FAA1-BF62-81E5-2F2A11F5E64F}.Release|Any CPU.ActiveCfg = Release|Any CPU
		{9F83F08D-FAA1-BF62-81E5-2F2A11F5E64F}.Release|Any CPU.Build.0 = Release|Any CPU
		{D14EBE62-4223-C8F2-71B0-3257CFBF9BE8}.Debug|Any CPU.ActiveCfg = Debug|Any CPU
		{D14EBE62-4223-C8F2-71B0-3257CFBF9BE8}.Debug|Any CPU.Build.0 = Debug|Any CPU
		{D14EBE62-4223-C8F2-71B0-3257CFBF9BE8}.Release|Any CPU.ActiveCfg = Release|Any CPU
		{D14EBE62-4223-C8F2-71B0-3257CFBF9BE8}.Release|Any CPU.Build.0 = Release|Any CPU
		{A96F4DD0-2CC8-C6A8-65DD-155ADCD196A8}.Debug|Any CPU.ActiveCfg = Debug|Any CPU
		{A96F4DD0-2CC8-C6A8-65DD-155ADCD196A8}.Debug|Any CPU.Build.0 = Debug|Any CPU
		{A96F4DD0-2CC8-C6A8-65DD-155ADCD196A8}.Release|Any CPU.ActiveCfg = Release|Any CPU
		{A96F4DD0-2CC8-C6A8-65DD-155ADCD196A8}.Release|Any CPU.Build.0 = Release|Any CPU
		{1BD89D12-BB66-F760-333A-5CBF72A1EBC6}.Debug|Any CPU.ActiveCfg = Debug|Any CPU
		{1BD89D12-BB66-F760-333A-5CBF72A1EBC6}.Debug|Any CPU.Build.0 = Debug|Any CPU
		{1BD89D12-BB66-F760-333A-5CBF72A1EBC6}.Release|Any CPU.ActiveCfg = Release|Any CPU
		{1BD89D12-BB66-F760-333A-5CBF72A1EBC6}.Release|Any CPU.Build.0 = Release|Any CPU
		{FAB834A6-3397-77D9-3047-8657E1EF717E}.Debug|Any CPU.ActiveCfg = Debug|Any CPU
		{FAB834A6-3397-77D9-3047-8657E1EF717E}.Debug|Any CPU.Build.0 = Debug|Any CPU
		{FAB834A6-3397-77D9-3047-8657E1EF717E}.Release|Any CPU.ActiveCfg = Release|Any CPU
		{FAB834A6-3397-77D9-3047-8657E1EF717E}.Release|Any CPU.Build.0 = Release|Any CPU
		{945C4613-D5BB-8E41-25D2-66F261A3C81C}.Debug|Any CPU.ActiveCfg = Debug|Any CPU
		{945C4613-D5BB-8E41-25D2-66F261A3C81C}.Debug|Any CPU.Build.0 = Debug|Any CPU
		{945C4613-D5BB-8E41-25D2-66F261A3C81C}.Release|Any CPU.ActiveCfg = Release|Any CPU
		{945C4613-D5BB-8E41-25D2-66F261A3C81C}.Release|Any CPU.Build.0 = Release|Any CPU
		{A551D976-4366-4C0E-3A57-2FA74BBB84D8}.Debug|Any CPU.ActiveCfg = Debug|Any CPU
		{A551D976-4366-4C0E-3A57-2FA74BBB84D8}.Debug|Any CPU.Build.0 = Debug|Any CPU
		{A551D976-4366-4C0E-3A57-2FA74BBB84D8}.Release|Any CPU.ActiveCfg = Release|Any CPU
		{A551D976-4366-4C0E-3A57-2FA74BBB84D8}.Release|Any CPU.Build.0 = Release|Any CPU
		{AF7F8F5D-A23B-BE3B-25C3-C7C896407B4E}.Debug|Any CPU.ActiveCfg = Debug|Any CPU
		{AF7F8F5D-A23B-BE3B-25C3-C7C896407B4E}.Debug|Any CPU.Build.0 = Debug|Any CPU
		{AF7F8F5D-A23B-BE3B-25C3-C7C896407B4E}.Release|Any CPU.ActiveCfg = Release|Any CPU
		{AF7F8F5D-A23B-BE3B-25C3-C7C896407B4E}.Release|Any CPU.Build.0 = Release|Any CPU
		{4D36F0FF-ABC2-B8BA-C987-F4C07958B6F4}.Debug|Any CPU.ActiveCfg = Debug|Any CPU
		{4D36F0FF-ABC2-B8BA-C987-F4C07958B6F4}.Debug|Any CPU.Build.0 = Debug|Any CPU
		{4D36F0FF-ABC2-B8BA-C987-F4C07958B6F4}.Release|Any CPU.ActiveCfg = Release|Any CPU
		{4D36F0FF-ABC2-B8BA-C987-F4C07958B6F4}.Release|Any CPU.Build.0 = Release|Any CPU
		{80A8C958-1A4A-5B60-DCC2-5CF202AA3D4F}.Debug|Any CPU.ActiveCfg = Debug|Any CPU
		{80A8C958-1A4A-5B60-DCC2-5CF202AA3D4F}.Debug|Any CPU.Build.0 = Debug|Any CPU
		{80A8C958-1A4A-5B60-DCC2-5CF202AA3D4F}.Release|Any CPU.ActiveCfg = Release|Any CPU
		{80A8C958-1A4A-5B60-DCC2-5CF202AA3D4F}.Release|Any CPU.Build.0 = Release|Any CPU
		{1B1174F0-E810-AED3-BB6D-4E36A7F2AFBD}.Debug|Any CPU.ActiveCfg = Debug|Any CPU
		{1B1174F0-E810-AED3-BB6D-4E36A7F2AFBD}.Debug|Any CPU.Build.0 = Debug|Any CPU
		{1B1174F0-E810-AED3-BB6D-4E36A7F2AFBD}.Release|Any CPU.ActiveCfg = Release|Any CPU
		{1B1174F0-E810-AED3-BB6D-4E36A7F2AFBD}.Release|Any CPU.Build.0 = Release|Any CPU
		{5D59F45A-2106-BF02-B5EF-A63B3D6C6B96}.Debug|Any CPU.ActiveCfg = Debug|Any CPU
		{5D59F45A-2106-BF02-B5EF-A63B3D6C6B96}.Debug|Any CPU.Build.0 = Debug|Any CPU
		{5D59F45A-2106-BF02-B5EF-A63B3D6C6B96}.Release|Any CPU.ActiveCfg = Release|Any CPU
		{5D59F45A-2106-BF02-B5EF-A63B3D6C6B96}.Release|Any CPU.Build.0 = Release|Any CPU
		{6C70FF9F-D7C7-05E3-6DCC-31FB373D684B}.Debug|Any CPU.ActiveCfg = Debug|Any CPU
		{6C70FF9F-D7C7-05E3-6DCC-31FB373D684B}.Debug|Any CPU.Build.0 = Debug|Any CPU
		{6C70FF9F-D7C7-05E3-6DCC-31FB373D684B}.Release|Any CPU.ActiveCfg = Release|Any CPU
		{6C70FF9F-D7C7-05E3-6DCC-31FB373D684B}.Release|Any CPU.Build.0 = Release|Any CPU
		{563BCA2F-5A63-8CB4-8F6E-DCB23EB0C28D}.Debug|Any CPU.ActiveCfg = Debug|Any CPU
		{563BCA2F-5A63-8CB4-8F6E-DCB23EB0C28D}.Debug|Any CPU.Build.0 = Debug|Any CPU
		{563BCA2F-5A63-8CB4-8F6E-DCB23EB0C28D}.Release|Any CPU.ActiveCfg = Release|Any CPU
		{563BCA2F-5A63-8CB4-8F6E-DCB23EB0C28D}.Release|Any CPU.Build.0 = Release|Any CPU
		{4E7BB1DD-073C-70B4-8480-19594A9CC292}.Debug|Any CPU.ActiveCfg = Debug|Any CPU
		{4E7BB1DD-073C-70B4-8480-19594A9CC292}.Debug|Any CPU.Build.0 = Debug|Any CPU
		{4E7BB1DD-073C-70B4-8480-19594A9CC292}.Release|Any CPU.ActiveCfg = Release|Any CPU
		{4E7BB1DD-073C-70B4-8480-19594A9CC292}.Release|Any CPU.Build.0 = Release|Any CPU
		{2F8E2AF9-AF00-93B5-974C-56BCC288CBD2}.Debug|Any CPU.ActiveCfg = Debug|Any CPU
		{2F8E2AF9-AF00-93B5-974C-56BCC288CBD2}.Debug|Any CPU.Build.0 = Debug|Any CPU
		{2F8E2AF9-AF00-93B5-974C-56BCC288CBD2}.Release|Any CPU.ActiveCfg = Release|Any CPU
		{2F8E2AF9-AF00-93B5-974C-56BCC288CBD2}.Release|Any CPU.Build.0 = Release|Any CPU
		{0B0C9608-16FC-A845-6684-D93C66D94392}.Debug|Any CPU.ActiveCfg = Debug|Any CPU
		{0B0C9608-16FC-A845-6684-D93C66D94392}.Debug|Any CPU.Build.0 = Debug|Any CPU
		{0B0C9608-16FC-A845-6684-D93C66D94392}.Release|Any CPU.ActiveCfg = Release|Any CPU
		{0B0C9608-16FC-A845-6684-D93C66D94392}.Release|Any CPU.Build.0 = Release|Any CPU
		{B3F129B6-6F85-FFAD-8011-28DF12A78A20}.Debug|Any CPU.ActiveCfg = Debug|Any CPU
		{B3F129B6-6F85-FFAD-8011-28DF12A78A20}.Debug|Any CPU.Build.0 = Debug|Any CPU
		{B3F129B6-6F85-FFAD-8011-28DF12A78A20}.Release|Any CPU.ActiveCfg = Release|Any CPU
		{B3F129B6-6F85-FFAD-8011-28DF12A78A20}.Release|Any CPU.Build.0 = Release|Any CPU
		{8C7C4D5F-A0FC-42A7-64E5-F5C78D980721}.Debug|Any CPU.ActiveCfg = Debug|Any CPU
		{8C7C4D5F-A0FC-42A7-64E5-F5C78D980721}.Debug|Any CPU.Build.0 = Debug|Any CPU
		{8C7C4D5F-A0FC-42A7-64E5-F5C78D980721}.Release|Any CPU.ActiveCfg = Release|Any CPU
		{8C7C4D5F-A0FC-42A7-64E5-F5C78D980721}.Release|Any CPU.Build.0 = Release|Any CPU
		{915EAB82-6406-519F-453A-ABDC2B41007A}.Debug|Any CPU.ActiveCfg = Debug|Any CPU
		{915EAB82-6406-519F-453A-ABDC2B41007A}.Debug|Any CPU.Build.0 = Debug|Any CPU
		{915EAB82-6406-519F-453A-ABDC2B41007A}.Release|Any CPU.ActiveCfg = Release|Any CPU
		{915EAB82-6406-519F-453A-ABDC2B41007A}.Release|Any CPU.Build.0 = Release|Any CPU
		{51A01430-CB0B-F5D6-BA98-E3D6194A8AB4}.Debug|Any CPU.ActiveCfg = Debug|Any CPU
		{51A01430-CB0B-F5D6-BA98-E3D6194A8AB4}.Debug|Any CPU.Build.0 = Debug|Any CPU
		{51A01430-CB0B-F5D6-BA98-E3D6194A8AB4}.Release|Any CPU.ActiveCfg = Release|Any CPU
		{51A01430-CB0B-F5D6-BA98-E3D6194A8AB4}.Release|Any CPU.Build.0 = Release|Any CPU
		{EA0942A7-4142-C1AC-668E-557D2CCC4F64}.Debug|Any CPU.ActiveCfg = Debug|Any CPU
		{EA0942A7-4142-C1AC-668E-557D2CCC4F64}.Debug|Any CPU.Build.0 = Debug|Any CPU
		{EA0942A7-4142-C1AC-668E-557D2CCC4F64}.Release|Any CPU.ActiveCfg = Release|Any CPU
		{EA0942A7-4142-C1AC-668E-557D2CCC4F64}.Release|Any CPU.Build.0 = Release|Any CPU
		{E5EDE36B-D856-4812-D6A1-EAF8B3860AD4}.Debug|Any CPU.ActiveCfg = Debug|Any CPU
		{E5EDE36B-D856-4812-D6A1-EAF8B3860AD4}.Debug|Any CPU.Build.0 = Debug|Any CPU
		{E5EDE36B-D856-4812-D6A1-EAF8B3860AD4}.Release|Any CPU.ActiveCfg = Release|Any CPU
		{E5EDE36B-D856-4812-D6A1-EAF8B3860AD4}.Release|Any CPU.Build.0 = Release|Any CPU
		{A1DEA44F-5C2A-952A-4D13-00B30B89B052}.Debug|Any CPU.ActiveCfg = Debug|Any CPU
		{A1DEA44F-5C2A-952A-4D13-00B30B89B052}.Debug|Any CPU.Build.0 = Debug|Any CPU
		{A1DEA44F-5C2A-952A-4D13-00B30B89B052}.Release|Any CPU.ActiveCfg = Release|Any CPU
		{A1DEA44F-5C2A-952A-4D13-00B30B89B052}.Release|Any CPU.Build.0 = Release|Any CPU
		{139BE05F-AA43-2E7C-36AF-1C12EEB5EC80}.Debug|Any CPU.ActiveCfg = Debug|Any CPU
		{139BE05F-AA43-2E7C-36AF-1C12EEB5EC80}.Debug|Any CPU.Build.0 = Debug|Any CPU
		{139BE05F-AA43-2E7C-36AF-1C12EEB5EC80}.Release|Any CPU.ActiveCfg = Release|Any CPU
		{139BE05F-AA43-2E7C-36AF-1C12EEB5EC80}.Release|Any CPU.Build.0 = Release|Any CPU
		{1AEBDE5E-153B-0522-8717-9582779CD39E}.Debug|Any CPU.ActiveCfg = Debug|Any CPU
		{1AEBDE5E-153B-0522-8717-9582779CD39E}.Debug|Any CPU.Build.0 = Debug|Any CPU
		{1AEBDE5E-153B-0522-8717-9582779CD39E}.Release|Any CPU.ActiveCfg = Release|Any CPU
		{1AEBDE5E-153B-0522-8717-9582779CD39E}.Release|Any CPU.Build.0 = Release|Any CPU
		{6B950BC4-1AAD-1BA7-2AA3-9AB8058AACFD}.Debug|Any CPU.ActiveCfg = Debug|Any CPU
		{6B950BC4-1AAD-1BA7-2AA3-9AB8058AACFD}.Debug|Any CPU.Build.0 = Debug|Any CPU
		{6B950BC4-1AAD-1BA7-2AA3-9AB8058AACFD}.Release|Any CPU.ActiveCfg = Release|Any CPU
		{6B950BC4-1AAD-1BA7-2AA3-9AB8058AACFD}.Release|Any CPU.Build.0 = Release|Any CPU
		{C60A1022-18C3-41B4-8444-1E34EE4F5991}.Debug|Any CPU.ActiveCfg = Debug|Any CPU
		{C60A1022-18C3-41B4-8444-1E34EE4F5991}.Debug|Any CPU.Build.0 = Debug|Any CPU
		{C60A1022-18C3-41B4-8444-1E34EE4F5991}.Release|Any CPU.ActiveCfg = Release|Any CPU
		{C60A1022-18C3-41B4-8444-1E34EE4F5991}.Release|Any CPU.Build.0 = Release|Any CPU
		{C0B91FCA-85E5-19F4-D496-52F73922CCF9}.Debug|Any CPU.ActiveCfg = Debug|Any CPU
		{C0B91FCA-85E5-19F4-D496-52F73922CCF9}.Debug|Any CPU.Build.0 = Debug|Any CPU
		{C0B91FCA-85E5-19F4-D496-52F73922CCF9}.Release|Any CPU.ActiveCfg = Release|Any CPU
		{C0B91FCA-85E5-19F4-D496-52F73922CCF9}.Release|Any CPU.Build.0 = Release|Any CPU
		{851EE0B9-EB29-0DA5-35C3-D53CA10B3A18}.Debug|Any CPU.ActiveCfg = Debug|Any CPU
		{851EE0B9-EB29-0DA5-35C3-D53CA10B3A18}.Debug|Any CPU.Build.0 = Debug|Any CPU
		{851EE0B9-EB29-0DA5-35C3-D53CA10B3A18}.Release|Any CPU.ActiveCfg = Release|Any CPU
		{851EE0B9-EB29-0DA5-35C3-D53CA10B3A18}.Release|Any CPU.Build.0 = Release|Any CPU
		{C3E4D64B-3D79-DD4A-E2F6-3A92090E14FB}.Debug|Any CPU.ActiveCfg = Debug|Any CPU
		{C3E4D64B-3D79-DD4A-E2F6-3A92090E14FB}.Debug|Any CPU.Build.0 = Debug|Any CPU
		{C3E4D64B-3D79-DD4A-E2F6-3A92090E14FB}.Release|Any CPU.ActiveCfg = Release|Any CPU
		{C3E4D64B-3D79-DD4A-E2F6-3A92090E14FB}.Release|Any CPU.Build.0 = Release|Any CPU
		{15598BFA-30DD-B7FD-7DB3-F35963A196C8}.Debug|Any CPU.ActiveCfg = Debug|Any CPU
		{15598BFA-30DD-B7FD-7DB3-F35963A196C8}.Debug|Any CPU.Build.0 = Debug|Any CPU
		{15598BFA-30DD-B7FD-7DB3-F35963A196C8}.Release|Any CPU.ActiveCfg = Release|Any CPU
		{15598BFA-30DD-B7FD-7DB3-F35963A196C8}.Release|Any CPU.Build.0 = Release|Any CPU
	EndGlobalSection
	GlobalSection(SolutionProperties) = preSolution
		HideSolutionNode = FALSE
	EndGlobalSection
EndGlobal
